{
	"name": "@platform8/api-client",
	"version": "0.0.1",
	"lockfileVersion": 2,
	"requires": true,
	"packages": {
		"": {
			"name": "@platform8/api-client",
			"version": "0.0.1",
			"devDependencies": {
				"@types/node": "^13.13.38",
				"axios": "^0.21.1",
				"config": "^1.0.0",
				"inversify-props": "^2.2.6"
			}
		},
		"node_modules/@types/node": {
			"version": "13.13.50",
			"resolved": "https://registry.npmjs.org/@types/node/-/node-13.13.50.tgz",
			"integrity": "sha512-y7kkh+hX/0jZNxMyBR/6asG0QMSaPSzgeVK63dhWHl4QAXCQB8lExXmzLL6SzmOgKHydtawpMnNhlDbv7DXPEA==",
			"dev": true
		},
		"node_modules/axios": {
			"version": "0.21.1",
			"resolved": "https://registry.npmjs.org/axios/-/axios-0.21.1.tgz",
			"integrity": "sha512-dKQiRHxGD9PPRIUNIWvZhPTPpl1rf/OxTYKsqKUDjBwYylTvV7SjSHJb9ratfyzM6wCdLCOYLzs73qpg5c4iGA==",
			"dev": true,
			"dependencies": {
				"follow-redirects": "^1.10.0"
			}
		},
		"node_modules/config": {
			"version": "1.31.0",
			"resolved": "https://registry.npmjs.org/config/-/config-1.31.0.tgz",
			"integrity": "sha512-Ep/l9Rd1J9IPueztJfpbOqVzuKHQh4ZODMNt9xqTYdBBNRXbV4oTu34kCkkfdRVcDq0ohtpaeXGgb+c0LQxFRA==",
			"dev": true,
			"dependencies": {
				"json5": "^1.0.1"
			},
			"engines": {
				"node": ">= 4.0.0"
			}
		},
		"node_modules/follow-redirects": {
			"version": "1.13.3",
			"resolved": "https://registry.npmjs.org/follow-redirects/-/follow-redirects-1.13.3.tgz",
			"integrity": "sha512-DUgl6+HDzB0iEptNQEXLx/KhTmDb8tZUHSeLqpnjpknR70H0nC2t9N73BK6fN4hOvJ84pKlIQVQ4k5FFlBedKA==",
			"dev": true,
			"funding": [
				{
					"type": "individual",
					"url": "https://github.com/sponsors/RubenVerborgh"
				}
			],
			"engines": {
				"node": ">=4.0"
			},
			"peerDependenciesMeta": {
				"debug": {
					"optional": true
				}
			}
		},
		"node_modules/inversify": {
			"version": "5.0.5",
			"resolved": "https://registry.npmjs.org/inversify/-/inversify-5.0.5.tgz",
			"integrity": "sha512-60QsfPz8NAU/GZqXu8hJ+BhNf/C/c+Hp0eDc6XMIJTxBiP36AQyyQKpBkOVTLWBFDQWYVHpbbEuIsHu9dLuJDA==",
			"dev": true
		},
		"node_modules/inversify-props": {
			"version": "2.2.6",
			"resolved": "https://registry.npmjs.org/inversify-props/-/inversify-props-2.2.6.tgz",
			"integrity": "sha512-ImLafUgM1Me4Xa7hcdo9DRt0Ca139JUa9byX9vzb4ihXkJtzWoxSqSw6hpBL45w4wqtFD3IPC/ldC1HqdaLQUA==",
			"dev": true,
			"dependencies": {
				"inversify": "^5.0.1"
			}
		},
		"node_modules/json5": {
			"version": "1.0.1",
			"resolved": "https://registry.npmjs.org/json5/-/json5-1.0.1.tgz",
			"integrity": "sha512-aKS4WQjPenRxiQsC93MNfjx+nbF4PAdYzmd/1JIj8HYzqfbu86beTuNgXDzPknWk0n0uARlyewZo4s++ES36Ow==",
			"dev": true,
			"dependencies": {
				"minimist": "^1.2.0"
			},
			"bin": {
				"json5": "lib/cli.js"
			}
		},
		"node_modules/minimist": {
			"version": "1.2.5",
			"resolved": "https://registry.npmjs.org/minimist/-/minimist-1.2.5.tgz",
			"integrity": "sha512-FM9nNUYrRBAELZQT3xeZQ7fmMOBg6nWNmJKTcgsJeaLstP/UODVpGsr5OhXhhXg6f+qtJ8uiZ+PUxkDWcgIXLw==",
			"dev": true
		}
	},
	"dependencies": {
		"@types/node": {
			"version": "13.13.50",
			"resolved": "https://registry.npmjs.org/@types/node/-/node-13.13.50.tgz",
			"integrity": "sha512-y7kkh+hX/0jZNxMyBR/6asG0QMSaPSzgeVK63dhWHl4QAXCQB8lExXmzLL6SzmOgKHydtawpMnNhlDbv7DXPEA==",
			"dev": true
		},
		"axios": {
			"version": "0.21.1",
			"resolved": "https://registry.npmjs.org/axios/-/axios-0.21.1.tgz",
			"integrity": "sha512-dKQiRHxGD9PPRIUNIWvZhPTPpl1rf/OxTYKsqKUDjBwYylTvV7SjSHJb9ratfyzM6wCdLCOYLzs73qpg5c4iGA==",
			"dev": true,
			"requires": {
				"follow-redirects": "^1.10.0"
			}
		},
		"config": {
			"version": "1.31.0",
			"resolved": "https://registry.npmjs.org/config/-/config-1.31.0.tgz",
			"integrity": "sha512-Ep/l9Rd1J9IPueztJfpbOqVzuKHQh4ZODMNt9xqTYdBBNRXbV4oTu34kCkkfdRVcDq0ohtpaeXGgb+c0LQxFRA==",
			"dev": true,
			"requires": {
				"json5": "^1.0.1"
			}
		},
		"follow-redirects": {
			"version": "1.13.3",
			"resolved": "https://registry.npmjs.org/follow-redirects/-/follow-redirects-1.13.3.tgz",
			"integrity": "sha512-DUgl6+HDzB0iEptNQEXLx/KhTmDb8tZUHSeLqpnjpknR70H0nC2t9N73BK6fN4hOvJ84pKlIQVQ4k5FFlBedKA==",
			"dev": true
		},
		"inversify": {
			"version": "5.0.5",
			"resolved": "https://registry.npmjs.org/inversify/-/inversify-5.0.5.tgz",
			"integrity": "sha512-60QsfPz8NAU/GZqXu8hJ+BhNf/C/c+Hp0eDc6XMIJTxBiP36AQyyQKpBkOVTLWBFDQWYVHpbbEuIsHu9dLuJDA==",
			"dev": true
		},
		"inversify-props": {
			"version": "2.2.6",
			"resolved": "https://registry.npmjs.org/inversify-props/-/inversify-props-2.2.6.tgz",
			"integrity": "sha512-ImLafUgM1Me4Xa7hcdo9DRt0Ca139JUa9byX9vzb4ihXkJtzWoxSqSw6hpBL45w4wqtFD3IPC/ldC1HqdaLQUA==",
			"dev": true,
			"requires": {
				"inversify": "^5.0.1"
			}
		},
		"json5": {
			"version": "1.0.1",
			"resolved": "https://registry.npmjs.org/json5/-/json5-1.0.1.tgz",
			"integrity": "sha512-aKS4WQjPenRxiQsC93MNfjx+nbF4PAdYzmd/1JIj8HYzqfbu86beTuNgXDzPknWk0n0uARlyewZo4s++ES36Ow==",
			"dev": true,
			"requires": {
				"minimist": "^1.2.0"
			}
		},
		"minimist": {
			"version": "1.2.5",
			"resolved": "https://registry.npmjs.org/minimist/-/minimist-1.2.5.tgz",
			"integrity": "sha512-FM9nNUYrRBAELZQT3xeZQ7fmMOBg6nWNmJKTcgsJeaLstP/UODVpGsr5OhXhhXg6f+qtJ8uiZ+PUxkDWcgIXLw==",
			"dev": true
		}
	}
}
