
Microsoft Visual Studio Solution File, Format Version 12.00
# Visual Studio Version 16
VisualStudioVersion = 16.0.30114.105
MinimumVisualStudioVersion = 10.0.40219.1
Project("{FAE04EC0-301F-11D3-BF4B-00C04F79EFBC}") = "User.Api", "Api\User.Api.csproj", "{AA8EFD25-D2F9-490A-879B-DCE42A348E6C}"
EndProject
Project("{FAE04EC0-301F-11D3-BF4B-00C04F79EFBC}") = "User.Tests", "Tests\User.Tests.csproj", "{D832B0CB-9300-451E-BA0C-E618EC32AC2B}"
EndProject
Project("{FAE04EC0-301F-11D3-BF4B-00C04F79EFBC}") = "User.Commands", "Commands\User.Commands.csproj", "{7D3EFA7D-EF96-4EB2-8CAF-E346695CD14D}"
EndProject
Project("{FAE04EC0-301F-11D3-BF4B-00C04F79EFBC}") = "User.Models", "Models\User.Models.csproj", "{0C6FD4DD-4994-4E74-A42D-59F752E01B09}"
EndProject
Project("{FAE04EC0-301F-11D3-BF4B-00C04F79EFBC}") = "Tests.Common", "..\..\dotnet\Tests.Common\Tests.Common.csproj", "{0F7090D0-5819-458F-8FC5-D2C9E1ADCBC1}"
EndProject
Project("{FAE04EC0-301F-11D3-BF4B-00C04F79EFBC}") = "User.Data", "Data\User.Data.csproj", "{48A79B25-599C-4DE8-89D3-0877AA72544C}"
EndProject
Project("{FAE04EC0-301F-11D3-BF4B-00C04F79EFBC}") = "Core", "..\..\dotnet\Core\Core.csproj", "{CBCABBF5-8D81-4E79-AA36-A88742A39E95}"
EndProject
Project("{FAE04EC0-301F-11D3-BF4B-00C04F79EFBC}") = "Core.Data", "..\..\dotnet\Core.Data\Core.Data.csproj", "{AA7AB10F-F876-44F5-890E-3A0C4016014B}"
EndProject
Global
	GlobalSection(SolutionConfigurationPlatforms) = preSolution
		Debug|Any CPU = Debug|Any CPU
		Debug|x64 = Debug|x64
		Debug|x86 = Debug|x86
		Release|Any CPU = Release|Any CPU
		Release|x64 = Release|x64
		Release|x86 = Release|x86
	EndGlobalSection
	GlobalSection(SolutionProperties) = preSolution
		HideSolutionNode = FALSE
	EndGlobalSection
	GlobalSection(ProjectConfigurationPlatforms) = postSolution
		{AA8EFD25-D2F9-490A-879B-DCE42A348E6C}.Debug|Any CPU.ActiveCfg = Debug|Any CPU
		{AA8EFD25-D2F9-490A-879B-DCE42A348E6C}.Debug|Any CPU.Build.0 = Debug|Any CPU
		{AA8EFD25-D2F9-490A-879B-DCE42A348E6C}.Debug|x64.ActiveCfg = Debug|Any CPU
		{AA8EFD25-D2F9-490A-879B-DCE42A348E6C}.Debug|x64.Build.0 = Debug|Any CPU
		{AA8EFD25-D2F9-490A-879B-DCE42A348E6C}.Debug|x86.ActiveCfg = Debug|Any CPU
		{AA8EFD25-D2F9-490A-879B-DCE42A348E6C}.Debug|x86.Build.0 = Debug|Any CPU
		{AA8EFD25-D2F9-490A-879B-DCE42A348E6C}.Release|Any CPU.ActiveCfg = Release|Any CPU
		{AA8EFD25-D2F9-490A-879B-DCE42A348E6C}.Release|Any CPU.Build.0 = Release|Any CPU
		{AA8EFD25-D2F9-490A-879B-DCE42A348E6C}.Release|x64.ActiveCfg = Release|Any CPU
		{AA8EFD25-D2F9-490A-879B-DCE42A348E6C}.Release|x64.Build.0 = Release|Any CPU
		{AA8EFD25-D2F9-490A-879B-DCE42A348E6C}.Release|x86.ActiveCfg = Release|Any CPU
		{AA8EFD25-D2F9-490A-879B-DCE42A348E6C}.Release|x86.Build.0 = Release|Any CPU
		{D832B0CB-9300-451E-BA0C-E618EC32AC2B}.Debug|Any CPU.ActiveCfg = Debug|Any CPU
		{D832B0CB-9300-451E-BA0C-E618EC32AC2B}.Debug|Any CPU.Build.0 = Debug|Any CPU
		{D832B0CB-9300-451E-BA0C-E618EC32AC2B}.Debug|x64.ActiveCfg = Debug|Any CPU
		{D832B0CB-9300-451E-BA0C-E618EC32AC2B}.Debug|x64.Build.0 = Debug|Any CPU
		{D832B0CB-9300-451E-BA0C-E618EC32AC2B}.Debug|x86.ActiveCfg = Debug|Any CPU
		{D832B0CB-9300-451E-BA0C-E618EC32AC2B}.Debug|x86.Build.0 = Debug|Any CPU
		{D832B0CB-9300-451E-BA0C-E618EC32AC2B}.Release|Any CPU.ActiveCfg = Release|Any CPU
		{D832B0CB-9300-451E-BA0C-E618EC32AC2B}.Release|Any CPU.Build.0 = Release|Any CPU
		{D832B0CB-9300-451E-BA0C-E618EC32AC2B}.Release|x64.ActiveCfg = Release|Any CPU
		{D832B0CB-9300-451E-BA0C-E618EC32AC2B}.Release|x64.Build.0 = Release|Any CPU
		{D832B0CB-9300-451E-BA0C-E618EC32AC2B}.Release|x86.ActiveCfg = Release|Any CPU
		{D832B0CB-9300-451E-BA0C-E618EC32AC2B}.Release|x86.Build.0 = Release|Any CPU
		{7D3EFA7D-EF96-4EB2-8CAF-E346695CD14D}.Debug|Any CPU.ActiveCfg = Debug|Any CPU
		{7D3EFA7D-EF96-4EB2-8CAF-E346695CD14D}.Debug|Any CPU.Build.0 = Debug|Any CPU
		{7D3EFA7D-EF96-4EB2-8CAF-E346695CD14D}.Debug|x64.ActiveCfg = Debug|Any CPU
		{7D3EFA7D-EF96-4EB2-8CAF-E346695CD14D}.Debug|x64.Build.0 = Debug|Any CPU
		{7D3EFA7D-EF96-4EB2-8CAF-E346695CD14D}.Debug|x86.ActiveCfg = Debug|Any CPU
		{7D3EFA7D-EF96-4EB2-8CAF-E346695CD14D}.Debug|x86.Build.0 = Debug|Any CPU
		{7D3EFA7D-EF96-4EB2-8CAF-E346695CD14D}.Release|Any CPU.ActiveCfg = Release|Any CPU
		{7D3EFA7D-EF96-4EB2-8CAF-E346695CD14D}.Release|Any CPU.Build.0 = Release|Any CPU
		{7D3EFA7D-EF96-4EB2-8CAF-E346695CD14D}.Release|x64.ActiveCfg = Release|Any CPU
		{7D3EFA7D-EF96-4EB2-8CAF-E346695CD14D}.Release|x64.Build.0 = Release|Any CPU
		{7D3EFA7D-EF96-4EB2-8CAF-E346695CD14D}.Release|x86.ActiveCfg = Release|Any CPU
		{7D3EFA7D-EF96-4EB2-8CAF-E346695CD14D}.Release|x86.Build.0 = Release|Any CPU
		{0C6FD4DD-4994-4E74-A42D-59F752E01B09}.Debug|Any CPU.ActiveCfg = Debug|Any CPU
		{0C6FD4DD-4994-4E74-A42D-59F752E01B09}.Debug|Any CPU.Build.0 = Debug|Any CPU
		{0C6FD4DD-4994-4E74-A42D-59F752E01B09}.Debug|x64.ActiveCfg = Debug|Any CPU
		{0C6FD4DD-4994-4E74-A42D-59F752E01B09}.Debug|x64.Build.0 = Debug|Any CPU
		{0C6FD4DD-4994-4E74-A42D-59F752E01B09}.Debug|x86.ActiveCfg = Debug|Any CPU
		{0C6FD4DD-4994-4E74-A42D-59F752E01B09}.Debug|x86.Build.0 = Debug|Any CPU
		{0C6FD4DD-4994-4E74-A42D-59F752E01B09}.Release|Any CPU.ActiveCfg = Release|Any CPU
		{0C6FD4DD-4994-4E74-A42D-59F752E01B09}.Release|Any CPU.Build.0 = Release|Any CPU
		{0C6FD4DD-4994-4E74-A42D-59F752E01B09}.Release|x64.ActiveCfg = Release|Any CPU
		{0C6FD4DD-4994-4E74-A42D-59F752E01B09}.Release|x64.Build.0 = Release|Any CPU
		{0C6FD4DD-4994-4E74-A42D-59F752E01B09}.Release|x86.ActiveCfg = Release|Any CPU
		{0C6FD4DD-4994-4E74-A42D-59F752E01B09}.Release|x86.Build.0 = Release|Any CPU
		{0F7090D0-5819-458F-8FC5-D2C9E1ADCBC1}.Debug|Any CPU.ActiveCfg = Debug|Any CPU
		{0F7090D0-5819-458F-8FC5-D2C9E1ADCBC1}.Debug|Any CPU.Build.0 = Debug|Any CPU
		{0F7090D0-5819-458F-8FC5-D2C9E1ADCBC1}.Debug|x64.ActiveCfg = Debug|Any CPU
		{0F7090D0-5819-458F-8FC5-D2C9E1ADCBC1}.Debug|x64.Build.0 = Debug|Any CPU
		{0F7090D0-5819-458F-8FC5-D2C9E1ADCBC1}.Debug|x86.ActiveCfg = Debug|Any CPU
		{0F7090D0-5819-458F-8FC5-D2C9E1ADCBC1}.Debug|x86.Build.0 = Debug|Any CPU
		{0F7090D0-5819-458F-8FC5-D2C9E1ADCBC1}.Release|Any CPU.ActiveCfg = Release|Any CPU
		{0F7090D0-5819-458F-8FC5-D2C9E1ADCBC1}.Release|Any CPU.Build.0 = Release|Any CPU
		{0F7090D0-5819-458F-8FC5-D2C9E1ADCBC1}.Release|x64.ActiveCfg = Release|Any CPU
		{0F7090D0-5819-458F-8FC5-D2C9E1ADCBC1}.Release|x64.Build.0 = Release|Any CPU
		{0F7090D0-5819-458F-8FC5-D2C9E1ADCBC1}.Release|x86.ActiveCfg = Release|Any CPU
		{0F7090D0-5819-458F-8FC5-D2C9E1ADCBC1}.Release|x86.Build.0 = Release|Any CPU
		{48A79B25-599C-4DE8-89D3-0877AA72544C}.Debug|Any CPU.ActiveCfg = Debug|Any CPU
		{48A79B25-599C-4DE8-89D3-0877AA72544C}.Debug|Any CPU.Build.0 = Debug|Any CPU
		{48A79B25-599C-4DE8-89D3-0877AA72544C}.Debug|x64.ActiveCfg = Debug|Any CPU
		{48A79B25-599C-4DE8-89D3-0877AA72544C}.Debug|x64.Build.0 = Debug|Any CPU
		{48A79B25-599C-4DE8-89D3-0877AA72544C}.Debug|x86.ActiveCfg = Debug|Any CPU
		{48A79B25-599C-4DE8-89D3-0877AA72544C}.Debug|x86.Build.0 = Debug|Any CPU
		{48A79B25-599C-4DE8-89D3-0877AA72544C}.Release|Any CPU.ActiveCfg = Release|Any CPU
		{48A79B25-599C-4DE8-89D3-0877AA72544C}.Release|Any CPU.Build.0 = Release|Any CPU
		{48A79B25-599C-4DE8-89D3-0877AA72544C}.Release|x64.ActiveCfg = Release|Any CPU
		{48A79B25-599C-4DE8-89D3-0877AA72544C}.Release|x64.Build.0 = Release|Any CPU
		{48A79B25-599C-4DE8-89D3-0877AA72544C}.Release|x86.ActiveCfg = Release|Any CPU
		{48A79B25-599C-4DE8-89D3-0877AA72544C}.Release|x86.Build.0 = Release|Any CPU
		{CBCABBF5-8D81-4E79-AA36-A88742A39E95}.Debug|Any CPU.ActiveCfg = Debug|Any CPU
		{CBCABBF5-8D81-4E79-AA36-A88742A39E95}.Debug|Any CPU.Build.0 = Debug|Any CPU
		{CBCABBF5-8D81-4E79-AA36-A88742A39E95}.Debug|x64.ActiveCfg = Debug|Any CPU
		{CBCABBF5-8D81-4E79-AA36-A88742A39E95}.Debug|x64.Build.0 = Debug|Any CPU
		{CBCABBF5-8D81-4E79-AA36-A88742A39E95}.Debug|x86.ActiveCfg = Debug|Any CPU
		{CBCABBF5-8D81-4E79-AA36-A88742A39E95}.Debug|x86.Build.0 = Debug|Any CPU
		{CBCABBF5-8D81-4E79-AA36-A88742A39E95}.Release|Any CPU.ActiveCfg = Release|Any CPU
		{CBCABBF5-8D81-4E79-AA36-A88742A39E95}.Release|Any CPU.Build.0 = Release|Any CPU
		{CBCABBF5-8D81-4E79-AA36-A88742A39E95}.Release|x64.ActiveCfg = Release|Any CPU
		{CBCABBF5-8D81-4E79-AA36-A88742A39E95}.Release|x64.Build.0 = Release|Any CPU
		{CBCABBF5-8D81-4E79-AA36-A88742A39E95}.Release|x86.ActiveCfg = Release|Any CPU
		{CBCABBF5-8D81-4E79-AA36-A88742A39E95}.Release|x86.Build.0 = Release|Any CPU
		{AA7AB10F-F876-44F5-890E-3A0C4016014B}.Debug|Any CPU.ActiveCfg = Debug|Any CPU
		{AA7AB10F-F876-44F5-890E-3A0C4016014B}.Debug|Any CPU.Build.0 = Debug|Any CPU
		{AA7AB10F-F876-44F5-890E-3A0C4016014B}.Debug|x64.ActiveCfg = Debug|Any CPU
		{AA7AB10F-F876-44F5-890E-3A0C4016014B}.Debug|x64.Build.0 = Debug|Any CPU
		{AA7AB10F-F876-44F5-890E-3A0C4016014B}.Debug|x86.ActiveCfg = Debug|Any CPU
		{AA7AB10F-F876-44F5-890E-3A0C4016014B}.Debug|x86.Build.0 = Debug|Any CPU
		{AA7AB10F-F876-44F5-890E-3A0C4016014B}.Release|Any CPU.ActiveCfg = Release|Any CPU
		{AA7AB10F-F876-44F5-890E-3A0C4016014B}.Release|Any CPU.Build.0 = Release|Any CPU
		{AA7AB10F-F876-44F5-890E-3A0C4016014B}.Release|x64.ActiveCfg = Release|Any CPU
		{AA7AB10F-F876-44F5-890E-3A0C4016014B}.Release|x64.Build.0 = Release|Any CPU
		{AA7AB10F-F876-44F5-890E-3A0C4016014B}.Release|x86.ActiveCfg = Release|Any CPU
		{AA7AB10F-F876-44F5-890E-3A0C4016014B}.Release|x86.Build.0 = Release|Any CPU
	EndGlobalSection
EndGlobal
