
Microsoft Visual Studio Solution File, Format Version 12.00
# Visual Studio Version 16
VisualStudioVersion = 16.0.30114.105
MinimumVisualStudioVersion = 10.0.40219.1
Project("{2150E333-8FDC-42A3-9474-1A3956D46DE8}") = "User", "User", "{DC618C20-915F-4260-86CF-82E212544064}"
EndProject
Project("{FAE04EC0-301F-11D3-BF4B-00C04F79EFBC}") = "User.Api", "User\Api\User.Api.csproj", "{0450DC28-91C2-474A-BFA3-8DC37EE00909}"
EndProject
Project("{FAE04EC0-301F-11D3-BF4B-00C04F79EFBC}") = "User.Commands", "User\Commands\User.Commands.csproj", "{B0D25EE1-9143-46D6-BAD8-A2ABD0857238}"
EndProject
Project("{FAE04EC0-301F-11D3-BF4B-00C04F79EFBC}") = "User.Data", "User\Data\User.Data.csproj", "{3848CA68-4822-4B81-89F1-9D97B15498E8}"
EndProject
Project("{FAE04EC0-301F-11D3-BF4B-00C04F79EFBC}") = "User.Models", "User\Models\User.Models.csproj", "{39C4B2F7-4FED-499F-9614-5C77F50A4560}"
EndProject
Project("{FAE04EC0-301F-11D3-BF4B-00C04F79EFBC}") = "User.Tests", "User\Tests\User.Tests.csproj", "{EAEA1764-058D-4B5F-861B-3D9E910CC0D1}"
EndProject
Project("{2150E333-8FDC-42A3-9474-1A3956D46DE8}") = "Accounts", "Accounts", "{FD75C91D-DB71-4A73-B55C-AB7E2D2021B1}"
EndProject
Project("{FAE04EC0-301F-11D3-BF4B-00C04F79EFBC}") = "Accounts.Api", "Accounts\Api\Accounts.Api.csproj", "{2D48B4B4-1154-474F-B2D3-856880661594}"
EndProject
Project("{FAE04EC0-301F-11D3-BF4B-00C04F79EFBC}") = "Accounts.Commands", "Accounts\Commands\Accounts.Commands.csproj", "{D4E603AF-28B1-4C6D-B8F8-0D432F6EF633}"
EndProject
Project("{FAE04EC0-301F-11D3-BF4B-00C04F79EFBC}") = "Accounts.Data", "Accounts\Data\Accounts.Data.csproj", "{2D6454D9-35C5-46C7-BB6B-B6AB9AB1D0F8}"
EndProject
Project("{FAE04EC0-301F-11D3-BF4B-00C04F79EFBC}") = "Accounts.Models", "Accounts\Models\Accounts.Models.csproj", "{B08DDA24-8203-42FE-83DD-E91B90BFC272}"
EndProject
Project("{FAE04EC0-301F-11D3-BF4B-00C04F79EFBC}") = "Accounts.Tests", "Accounts\Tests\Accounts.Tests.csproj", "{93DCEA38-392A-4962-86BC-73A5261E0530}"
EndProject
Project("{FAE04EC0-301F-11D3-BF4B-00C04F79EFBC}") = "Core", "..\dotnet\Core\Core.csproj", "{F75A6FAE-6A12-4166-A04C-06D791CDC439}"
EndProject
Project("{FAE04EC0-301F-11D3-BF4B-00C04F79EFBC}") = "Core.Data", "..\dotnet\Core.Data\Core.Data.csproj", "{816F7B4A-E897-4EE1-9976-DB165E13BE84}"
EndProject
Project("{2150E333-8FDC-42A3-9474-1A3956D46DE8}") = "Transactions", "Transactions", "{261A5474-9B2A-42D8-9768-FF404F571B15}"
EndProject
Project("{FAE04EC0-301F-11D3-BF4B-00C04F79EFBC}") = "Transactions.Commands", "Transactions\Commands\Transactions.Commands.csproj", "{F90AE1CB-839B-4ED9-9389-88AA6F7BC0BD}"
EndProject
Project("{FAE04EC0-301F-11D3-BF4B-00C04F79EFBC}") = "Transactions.Api", "Transactions\Api\Transactions.Api.csproj", "{ACCF2E27-4F5C-44D3-9A38-C29F90E34539}"
EndProject
Project("{FAE04EC0-301F-11D3-BF4B-00C04F79EFBC}") = "Transactions.Models", "Transactions\Models\Transactions.Models.csproj", "{A941CCDE-BA29-4D92-8170-0F9CF4FEE4B6}"
EndProject
Project("{2150E333-8FDC-42A3-9474-1A3956D46DE8}") = "Budgets", "Budgets", "{3CCB2498-1D7F-4AB4-B46C-796B7197AFE2}"
EndProject
Project("{FAE04EC0-301F-11D3-BF4B-00C04F79EFBC}") = "Budgets.Api", "Budgets\Api\Budgets.Api.csproj", "{92403E7E-0881-4175-ADD0-5493C7E37FE1}"
EndProject
Project("{FAE04EC0-301F-11D3-BF4B-00C04F79EFBC}") = "Budgets.Commands", "Budgets\Commands\Budgets.Commands.csproj", "{02831823-B75F-4A0D-AC14-6604E46CBC50}"
EndProject
Project("{FAE04EC0-301F-11D3-BF4B-00C04F79EFBC}") = "Budgets.Tests", "Budgets\Tests\Budgets.Tests.csproj", "{1292B287-08D8-4425-A6C3-DA35F0E15939}"
EndProject
Project("{FAE04EC0-301F-11D3-BF4B-00C04F79EFBC}") = "Budgets.Models", "Budgets\Models\Budgets.Models.csproj", "{4BE4025D-6E6C-47F4-94F8-6A866B708F10}"
EndProject
Project("{FAE04EC0-301F-11D3-BF4B-00C04F79EFBC}") = "Budgets.Functions", "Budgets\Functions\Budgets.Functions.csproj", "{1C6BC7BD-D593-4564-81FC-F8BAE571D025}"
EndProject
Project("{FAE04EC0-301F-11D3-BF4B-00C04F79EFBC}") = "Budgets.Data", "Budgets\Data\Budgets.Data.csproj", "{4C75C644-EAAE-4D09-977D-282BF3F70559}"
EndProject
Global
	GlobalSection(SolutionConfigurationPlatforms) = preSolution
		Debug|Any CPU = Debug|Any CPU
		Debug|x64 = Debug|x64
		Debug|x86 = Debug|x86
		Release|Any CPU = Release|Any CPU
		Release|x64 = Release|x64
		Release|x86 = Release|x86
	EndGlobalSection
	GlobalSection(SolutionProperties) = preSolution
		HideSolutionNode = FALSE
	EndGlobalSection
	GlobalSection(ProjectConfigurationPlatforms) = postSolution
		{0450DC28-91C2-474A-BFA3-8DC37EE00909}.Debug|Any CPU.ActiveCfg = Debug|Any CPU
		{0450DC28-91C2-474A-BFA3-8DC37EE00909}.Debug|Any CPU.Build.0 = Debug|Any CPU
		{0450DC28-91C2-474A-BFA3-8DC37EE00909}.Debug|x64.ActiveCfg = Debug|Any CPU
		{0450DC28-91C2-474A-BFA3-8DC37EE00909}.Debug|x64.Build.0 = Debug|Any CPU
		{0450DC28-91C2-474A-BFA3-8DC37EE00909}.Debug|x86.ActiveCfg = Debug|Any CPU
		{0450DC28-91C2-474A-BFA3-8DC37EE00909}.Debug|x86.Build.0 = Debug|Any CPU
		{0450DC28-91C2-474A-BFA3-8DC37EE00909}.Release|Any CPU.ActiveCfg = Release|Any CPU
		{0450DC28-91C2-474A-BFA3-8DC37EE00909}.Release|Any CPU.Build.0 = Release|Any CPU
		{0450DC28-91C2-474A-BFA3-8DC37EE00909}.Release|x64.ActiveCfg = Release|Any CPU
		{0450DC28-91C2-474A-BFA3-8DC37EE00909}.Release|x64.Build.0 = Release|Any CPU
		{0450DC28-91C2-474A-BFA3-8DC37EE00909}.Release|x86.ActiveCfg = Release|Any CPU
		{0450DC28-91C2-474A-BFA3-8DC37EE00909}.Release|x86.Build.0 = Release|Any CPU
		{B0D25EE1-9143-46D6-BAD8-A2ABD0857238}.Debug|Any CPU.ActiveCfg = Debug|Any CPU
		{B0D25EE1-9143-46D6-BAD8-A2ABD0857238}.Debug|Any CPU.Build.0 = Debug|Any CPU
		{B0D25EE1-9143-46D6-BAD8-A2ABD0857238}.Debug|x64.ActiveCfg = Debug|Any CPU
		{B0D25EE1-9143-46D6-BAD8-A2ABD0857238}.Debug|x64.Build.0 = Debug|Any CPU
		{B0D25EE1-9143-46D6-BAD8-A2ABD0857238}.Debug|x86.ActiveCfg = Debug|Any CPU
		{B0D25EE1-9143-46D6-BAD8-A2ABD0857238}.Debug|x86.Build.0 = Debug|Any CPU
		{B0D25EE1-9143-46D6-BAD8-A2ABD0857238}.Release|Any CPU.ActiveCfg = Release|Any CPU
		{B0D25EE1-9143-46D6-BAD8-A2ABD0857238}.Release|Any CPU.Build.0 = Release|Any CPU
		{B0D25EE1-9143-46D6-BAD8-A2ABD0857238}.Release|x64.ActiveCfg = Release|Any CPU
		{B0D25EE1-9143-46D6-BAD8-A2ABD0857238}.Release|x64.Build.0 = Release|Any CPU
		{B0D25EE1-9143-46D6-BAD8-A2ABD0857238}.Release|x86.ActiveCfg = Release|Any CPU
		{B0D25EE1-9143-46D6-BAD8-A2ABD0857238}.Release|x86.Build.0 = Release|Any CPU
		{3848CA68-4822-4B81-89F1-9D97B15498E8}.Debug|Any CPU.ActiveCfg = Debug|Any CPU
		{3848CA68-4822-4B81-89F1-9D97B15498E8}.Debug|Any CPU.Build.0 = Debug|Any CPU
		{3848CA68-4822-4B81-89F1-9D97B15498E8}.Debug|x64.ActiveCfg = Debug|Any CPU
		{3848CA68-4822-4B81-89F1-9D97B15498E8}.Debug|x64.Build.0 = Debug|Any CPU
		{3848CA68-4822-4B81-89F1-9D97B15498E8}.Debug|x86.ActiveCfg = Debug|Any CPU
		{3848CA68-4822-4B81-89F1-9D97B15498E8}.Debug|x86.Build.0 = Debug|Any CPU
		{3848CA68-4822-4B81-89F1-9D97B15498E8}.Release|Any CPU.ActiveCfg = Release|Any CPU
		{3848CA68-4822-4B81-89F1-9D97B15498E8}.Release|Any CPU.Build.0 = Release|Any CPU
		{3848CA68-4822-4B81-89F1-9D97B15498E8}.Release|x64.ActiveCfg = Release|Any CPU
		{3848CA68-4822-4B81-89F1-9D97B15498E8}.Release|x64.Build.0 = Release|Any CPU
		{3848CA68-4822-4B81-89F1-9D97B15498E8}.Release|x86.ActiveCfg = Release|Any CPU
		{3848CA68-4822-4B81-89F1-9D97B15498E8}.Release|x86.Build.0 = Release|Any CPU
		{39C4B2F7-4FED-499F-9614-5C77F50A4560}.Debug|Any CPU.ActiveCfg = Debug|Any CPU
		{39C4B2F7-4FED-499F-9614-5C77F50A4560}.Debug|Any CPU.Build.0 = Debug|Any CPU
		{39C4B2F7-4FED-499F-9614-5C77F50A4560}.Debug|x64.ActiveCfg = Debug|Any CPU
		{39C4B2F7-4FED-499F-9614-5C77F50A4560}.Debug|x64.Build.0 = Debug|Any CPU
		{39C4B2F7-4FED-499F-9614-5C77F50A4560}.Debug|x86.ActiveCfg = Debug|Any CPU
		{39C4B2F7-4FED-499F-9614-5C77F50A4560}.Debug|x86.Build.0 = Debug|Any CPU
		{39C4B2F7-4FED-499F-9614-5C77F50A4560}.Release|Any CPU.ActiveCfg = Release|Any CPU
		{39C4B2F7-4FED-499F-9614-5C77F50A4560}.Release|Any CPU.Build.0 = Release|Any CPU
		{39C4B2F7-4FED-499F-9614-5C77F50A4560}.Release|x64.ActiveCfg = Release|Any CPU
		{39C4B2F7-4FED-499F-9614-5C77F50A4560}.Release|x64.Build.0 = Release|Any CPU
		{39C4B2F7-4FED-499F-9614-5C77F50A4560}.Release|x86.ActiveCfg = Release|Any CPU
		{39C4B2F7-4FED-499F-9614-5C77F50A4560}.Release|x86.Build.0 = Release|Any CPU
		{EAEA1764-058D-4B5F-861B-3D9E910CC0D1}.Debug|Any CPU.ActiveCfg = Debug|Any CPU
		{EAEA1764-058D-4B5F-861B-3D9E910CC0D1}.Debug|Any CPU.Build.0 = Debug|Any CPU
		{EAEA1764-058D-4B5F-861B-3D9E910CC0D1}.Debug|x64.ActiveCfg = Debug|Any CPU
		{EAEA1764-058D-4B5F-861B-3D9E910CC0D1}.Debug|x64.Build.0 = Debug|Any CPU
		{EAEA1764-058D-4B5F-861B-3D9E910CC0D1}.Debug|x86.ActiveCfg = Debug|Any CPU
		{EAEA1764-058D-4B5F-861B-3D9E910CC0D1}.Debug|x86.Build.0 = Debug|Any CPU
		{EAEA1764-058D-4B5F-861B-3D9E910CC0D1}.Release|Any CPU.ActiveCfg = Release|Any CPU
		{EAEA1764-058D-4B5F-861B-3D9E910CC0D1}.Release|Any CPU.Build.0 = Release|Any CPU
		{EAEA1764-058D-4B5F-861B-3D9E910CC0D1}.Release|x64.ActiveCfg = Release|Any CPU
		{EAEA1764-058D-4B5F-861B-3D9E910CC0D1}.Release|x64.Build.0 = Release|Any CPU
		{EAEA1764-058D-4B5F-861B-3D9E910CC0D1}.Release|x86.ActiveCfg = Release|Any CPU
		{EAEA1764-058D-4B5F-861B-3D9E910CC0D1}.Release|x86.Build.0 = Release|Any CPU
		{2D48B4B4-1154-474F-B2D3-856880661594}.Debug|Any CPU.ActiveCfg = Debug|Any CPU
		{2D48B4B4-1154-474F-B2D3-856880661594}.Debug|Any CPU.Build.0 = Debug|Any CPU
		{2D48B4B4-1154-474F-B2D3-856880661594}.Debug|x64.ActiveCfg = Debug|Any CPU
		{2D48B4B4-1154-474F-B2D3-856880661594}.Debug|x64.Build.0 = Debug|Any CPU
		{2D48B4B4-1154-474F-B2D3-856880661594}.Debug|x86.ActiveCfg = Debug|Any CPU
		{2D48B4B4-1154-474F-B2D3-856880661594}.Debug|x86.Build.0 = Debug|Any CPU
		{2D48B4B4-1154-474F-B2D3-856880661594}.Release|Any CPU.ActiveCfg = Release|Any CPU
		{2D48B4B4-1154-474F-B2D3-856880661594}.Release|Any CPU.Build.0 = Release|Any CPU
		{2D48B4B4-1154-474F-B2D3-856880661594}.Release|x64.ActiveCfg = Release|Any CPU
		{2D48B4B4-1154-474F-B2D3-856880661594}.Release|x64.Build.0 = Release|Any CPU
		{2D48B4B4-1154-474F-B2D3-856880661594}.Release|x86.ActiveCfg = Release|Any CPU
		{2D48B4B4-1154-474F-B2D3-856880661594}.Release|x86.Build.0 = Release|Any CPU
		{D4E603AF-28B1-4C6D-B8F8-0D432F6EF633}.Debug|Any CPU.ActiveCfg = Debug|Any CPU
		{D4E603AF-28B1-4C6D-B8F8-0D432F6EF633}.Debug|Any CPU.Build.0 = Debug|Any CPU
		{D4E603AF-28B1-4C6D-B8F8-0D432F6EF633}.Debug|x64.ActiveCfg = Debug|Any CPU
		{D4E603AF-28B1-4C6D-B8F8-0D432F6EF633}.Debug|x64.Build.0 = Debug|Any CPU
		{D4E603AF-28B1-4C6D-B8F8-0D432F6EF633}.Debug|x86.ActiveCfg = Debug|Any CPU
		{D4E603AF-28B1-4C6D-B8F8-0D432F6EF633}.Debug|x86.Build.0 = Debug|Any CPU
		{D4E603AF-28B1-4C6D-B8F8-0D432F6EF633}.Release|Any CPU.ActiveCfg = Release|Any CPU
		{D4E603AF-28B1-4C6D-B8F8-0D432F6EF633}.Release|Any CPU.Build.0 = Release|Any CPU
		{D4E603AF-28B1-4C6D-B8F8-0D432F6EF633}.Release|x64.ActiveCfg = Release|Any CPU
		{D4E603AF-28B1-4C6D-B8F8-0D432F6EF633}.Release|x64.Build.0 = Release|Any CPU
		{D4E603AF-28B1-4C6D-B8F8-0D432F6EF633}.Release|x86.ActiveCfg = Release|Any CPU
		{D4E603AF-28B1-4C6D-B8F8-0D432F6EF633}.Release|x86.Build.0 = Release|Any CPU
		{2D6454D9-35C5-46C7-BB6B-B6AB9AB1D0F8}.Debug|Any CPU.ActiveCfg = Debug|Any CPU
		{2D6454D9-35C5-46C7-BB6B-B6AB9AB1D0F8}.Debug|Any CPU.Build.0 = Debug|Any CPU
		{2D6454D9-35C5-46C7-BB6B-B6AB9AB1D0F8}.Debug|x64.ActiveCfg = Debug|Any CPU
		{2D6454D9-35C5-46C7-BB6B-B6AB9AB1D0F8}.Debug|x64.Build.0 = Debug|Any CPU
		{2D6454D9-35C5-46C7-BB6B-B6AB9AB1D0F8}.Debug|x86.ActiveCfg = Debug|Any CPU
		{2D6454D9-35C5-46C7-BB6B-B6AB9AB1D0F8}.Debug|x86.Build.0 = Debug|Any CPU
		{2D6454D9-35C5-46C7-BB6B-B6AB9AB1D0F8}.Release|Any CPU.ActiveCfg = Release|Any CPU
		{2D6454D9-35C5-46C7-BB6B-B6AB9AB1D0F8}.Release|Any CPU.Build.0 = Release|Any CPU
		{2D6454D9-35C5-46C7-BB6B-B6AB9AB1D0F8}.Release|x64.ActiveCfg = Release|Any CPU
		{2D6454D9-35C5-46C7-BB6B-B6AB9AB1D0F8}.Release|x64.Build.0 = Release|Any CPU
		{2D6454D9-35C5-46C7-BB6B-B6AB9AB1D0F8}.Release|x86.ActiveCfg = Release|Any CPU
		{2D6454D9-35C5-46C7-BB6B-B6AB9AB1D0F8}.Release|x86.Build.0 = Release|Any CPU
		{B08DDA24-8203-42FE-83DD-E91B90BFC272}.Debug|Any CPU.ActiveCfg = Debug|Any CPU
		{B08DDA24-8203-42FE-83DD-E91B90BFC272}.Debug|Any CPU.Build.0 = Debug|Any CPU
		{B08DDA24-8203-42FE-83DD-E91B90BFC272}.Debug|x64.ActiveCfg = Debug|Any CPU
		{B08DDA24-8203-42FE-83DD-E91B90BFC272}.Debug|x64.Build.0 = Debug|Any CPU
		{B08DDA24-8203-42FE-83DD-E91B90BFC272}.Debug|x86.ActiveCfg = Debug|Any CPU
		{B08DDA24-8203-42FE-83DD-E91B90BFC272}.Debug|x86.Build.0 = Debug|Any CPU
		{B08DDA24-8203-42FE-83DD-E91B90BFC272}.Release|Any CPU.ActiveCfg = Release|Any CPU
		{B08DDA24-8203-42FE-83DD-E91B90BFC272}.Release|Any CPU.Build.0 = Release|Any CPU
		{B08DDA24-8203-42FE-83DD-E91B90BFC272}.Release|x64.ActiveCfg = Release|Any CPU
		{B08DDA24-8203-42FE-83DD-E91B90BFC272}.Release|x64.Build.0 = Release|Any CPU
		{B08DDA24-8203-42FE-83DD-E91B90BFC272}.Release|x86.ActiveCfg = Release|Any CPU
		{B08DDA24-8203-42FE-83DD-E91B90BFC272}.Release|x86.Build.0 = Release|Any CPU
		{93DCEA38-392A-4962-86BC-73A5261E0530}.Debug|Any CPU.ActiveCfg = Debug|Any CPU
		{93DCEA38-392A-4962-86BC-73A5261E0530}.Debug|Any CPU.Build.0 = Debug|Any CPU
		{93DCEA38-392A-4962-86BC-73A5261E0530}.Debug|x64.ActiveCfg = Debug|Any CPU
		{93DCEA38-392A-4962-86BC-73A5261E0530}.Debug|x64.Build.0 = Debug|Any CPU
		{93DCEA38-392A-4962-86BC-73A5261E0530}.Debug|x86.ActiveCfg = Debug|Any CPU
		{93DCEA38-392A-4962-86BC-73A5261E0530}.Debug|x86.Build.0 = Debug|Any CPU
		{93DCEA38-392A-4962-86BC-73A5261E0530}.Release|Any CPU.ActiveCfg = Release|Any CPU
		{93DCEA38-392A-4962-86BC-73A5261E0530}.Release|Any CPU.Build.0 = Release|Any CPU
		{93DCEA38-392A-4962-86BC-73A5261E0530}.Release|x64.ActiveCfg = Release|Any CPU
		{93DCEA38-392A-4962-86BC-73A5261E0530}.Release|x64.Build.0 = Release|Any CPU
		{93DCEA38-392A-4962-86BC-73A5261E0530}.Release|x86.ActiveCfg = Release|Any CPU
		{93DCEA38-392A-4962-86BC-73A5261E0530}.Release|x86.Build.0 = Release|Any CPU
		{F75A6FAE-6A12-4166-A04C-06D791CDC439}.Debug|Any CPU.ActiveCfg = Debug|Any CPU
		{F75A6FAE-6A12-4166-A04C-06D791CDC439}.Debug|Any CPU.Build.0 = Debug|Any CPU
		{F75A6FAE-6A12-4166-A04C-06D791CDC439}.Debug|x64.ActiveCfg = Debug|Any CPU
		{F75A6FAE-6A12-4166-A04C-06D791CDC439}.Debug|x64.Build.0 = Debug|Any CPU
		{F75A6FAE-6A12-4166-A04C-06D791CDC439}.Debug|x86.ActiveCfg = Debug|Any CPU
		{F75A6FAE-6A12-4166-A04C-06D791CDC439}.Debug|x86.Build.0 = Debug|Any CPU
		{F75A6FAE-6A12-4166-A04C-06D791CDC439}.Release|Any CPU.ActiveCfg = Release|Any CPU
		{F75A6FAE-6A12-4166-A04C-06D791CDC439}.Release|Any CPU.Build.0 = Release|Any CPU
		{F75A6FAE-6A12-4166-A04C-06D791CDC439}.Release|x64.ActiveCfg = Release|Any CPU
		{F75A6FAE-6A12-4166-A04C-06D791CDC439}.Release|x64.Build.0 = Release|Any CPU
		{F75A6FAE-6A12-4166-A04C-06D791CDC439}.Release|x86.ActiveCfg = Release|Any CPU
		{F75A6FAE-6A12-4166-A04C-06D791CDC439}.Release|x86.Build.0 = Release|Any CPU
		{816F7B4A-E897-4EE1-9976-DB165E13BE84}.Debug|Any CPU.ActiveCfg = Debug|Any CPU
		{816F7B4A-E897-4EE1-9976-DB165E13BE84}.Debug|Any CPU.Build.0 = Debug|Any CPU
		{816F7B4A-E897-4EE1-9976-DB165E13BE84}.Debug|x64.ActiveCfg = Debug|Any CPU
		{816F7B4A-E897-4EE1-9976-DB165E13BE84}.Debug|x64.Build.0 = Debug|Any CPU
		{816F7B4A-E897-4EE1-9976-DB165E13BE84}.Debug|x86.ActiveCfg = Debug|Any CPU
		{816F7B4A-E897-4EE1-9976-DB165E13BE84}.Debug|x86.Build.0 = Debug|Any CPU
		{816F7B4A-E897-4EE1-9976-DB165E13BE84}.Release|Any CPU.ActiveCfg = Release|Any CPU
		{816F7B4A-E897-4EE1-9976-DB165E13BE84}.Release|Any CPU.Build.0 = Release|Any CPU
		{816F7B4A-E897-4EE1-9976-DB165E13BE84}.Release|x64.ActiveCfg = Release|Any CPU
		{816F7B4A-E897-4EE1-9976-DB165E13BE84}.Release|x64.Build.0 = Release|Any CPU
		{816F7B4A-E897-4EE1-9976-DB165E13BE84}.Release|x86.ActiveCfg = Release|Any CPU
		{816F7B4A-E897-4EE1-9976-DB165E13BE84}.Release|x86.Build.0 = Release|Any CPU
		{F90AE1CB-839B-4ED9-9389-88AA6F7BC0BD}.Debug|Any CPU.ActiveCfg = Debug|Any CPU
		{F90AE1CB-839B-4ED9-9389-88AA6F7BC0BD}.Debug|Any CPU.Build.0 = Debug|Any CPU
		{F90AE1CB-839B-4ED9-9389-88AA6F7BC0BD}.Debug|x64.ActiveCfg = Debug|Any CPU
		{F90AE1CB-839B-4ED9-9389-88AA6F7BC0BD}.Debug|x64.Build.0 = Debug|Any CPU
		{F90AE1CB-839B-4ED9-9389-88AA6F7BC0BD}.Debug|x86.ActiveCfg = Debug|Any CPU
		{F90AE1CB-839B-4ED9-9389-88AA6F7BC0BD}.Debug|x86.Build.0 = Debug|Any CPU
		{F90AE1CB-839B-4ED9-9389-88AA6F7BC0BD}.Release|Any CPU.ActiveCfg = Release|Any CPU
		{F90AE1CB-839B-4ED9-9389-88AA6F7BC0BD}.Release|Any CPU.Build.0 = Release|Any CPU
		{F90AE1CB-839B-4ED9-9389-88AA6F7BC0BD}.Release|x64.ActiveCfg = Release|Any CPU
		{F90AE1CB-839B-4ED9-9389-88AA6F7BC0BD}.Release|x64.Build.0 = Release|Any CPU
		{F90AE1CB-839B-4ED9-9389-88AA6F7BC0BD}.Release|x86.ActiveCfg = Release|Any CPU
		{F90AE1CB-839B-4ED9-9389-88AA6F7BC0BD}.Release|x86.Build.0 = Release|Any CPU
		{ACCF2E27-4F5C-44D3-9A38-C29F90E34539}.Debug|Any CPU.ActiveCfg = Debug|Any CPU
		{ACCF2E27-4F5C-44D3-9A38-C29F90E34539}.Debug|Any CPU.Build.0 = Debug|Any CPU
		{ACCF2E27-4F5C-44D3-9A38-C29F90E34539}.Debug|x64.ActiveCfg = Debug|Any CPU
		{ACCF2E27-4F5C-44D3-9A38-C29F90E34539}.Debug|x64.Build.0 = Debug|Any CPU
		{ACCF2E27-4F5C-44D3-9A38-C29F90E34539}.Debug|x86.ActiveCfg = Debug|Any CPU
		{ACCF2E27-4F5C-44D3-9A38-C29F90E34539}.Debug|x86.Build.0 = Debug|Any CPU
		{ACCF2E27-4F5C-44D3-9A38-C29F90E34539}.Release|Any CPU.ActiveCfg = Release|Any CPU
		{ACCF2E27-4F5C-44D3-9A38-C29F90E34539}.Release|Any CPU.Build.0 = Release|Any CPU
		{ACCF2E27-4F5C-44D3-9A38-C29F90E34539}.Release|x64.ActiveCfg = Release|Any CPU
		{ACCF2E27-4F5C-44D3-9A38-C29F90E34539}.Release|x64.Build.0 = Release|Any CPU
		{ACCF2E27-4F5C-44D3-9A38-C29F90E34539}.Release|x86.ActiveCfg = Release|Any CPU
		{ACCF2E27-4F5C-44D3-9A38-C29F90E34539}.Release|x86.Build.0 = Release|Any CPU
		{A941CCDE-BA29-4D92-8170-0F9CF4FEE4B6}.Debug|Any CPU.ActiveCfg = Debug|Any CPU
		{A941CCDE-BA29-4D92-8170-0F9CF4FEE4B6}.Debug|Any CPU.Build.0 = Debug|Any CPU
		{A941CCDE-BA29-4D92-8170-0F9CF4FEE4B6}.Debug|x64.ActiveCfg = Debug|Any CPU
		{A941CCDE-BA29-4D92-8170-0F9CF4FEE4B6}.Debug|x64.Build.0 = Debug|Any CPU
		{A941CCDE-BA29-4D92-8170-0F9CF4FEE4B6}.Debug|x86.ActiveCfg = Debug|Any CPU
		{A941CCDE-BA29-4D92-8170-0F9CF4FEE4B6}.Debug|x86.Build.0 = Debug|Any CPU
		{A941CCDE-BA29-4D92-8170-0F9CF4FEE4B6}.Release|Any CPU.ActiveCfg = Release|Any CPU
		{A941CCDE-BA29-4D92-8170-0F9CF4FEE4B6}.Release|Any CPU.Build.0 = Release|Any CPU
		{A941CCDE-BA29-4D92-8170-0F9CF4FEE4B6}.Release|x64.ActiveCfg = Release|Any CPU
		{A941CCDE-BA29-4D92-8170-0F9CF4FEE4B6}.Release|x64.Build.0 = Release|Any CPU
		{A941CCDE-BA29-4D92-8170-0F9CF4FEE4B6}.Release|x86.ActiveCfg = Release|Any CPU
		{A941CCDE-BA29-4D92-8170-0F9CF4FEE4B6}.Release|x86.Build.0 = Release|Any CPU
		{92403E7E-0881-4175-ADD0-5493C7E37FE1}.Debug|Any CPU.ActiveCfg = Debug|Any CPU
		{92403E7E-0881-4175-ADD0-5493C7E37FE1}.Debug|Any CPU.Build.0 = Debug|Any CPU
		{92403E7E-0881-4175-ADD0-5493C7E37FE1}.Debug|x64.ActiveCfg = Debug|Any CPU
		{92403E7E-0881-4175-ADD0-5493C7E37FE1}.Debug|x64.Build.0 = Debug|Any CPU
		{92403E7E-0881-4175-ADD0-5493C7E37FE1}.Debug|x86.ActiveCfg = Debug|Any CPU
		{92403E7E-0881-4175-ADD0-5493C7E37FE1}.Debug|x86.Build.0 = Debug|Any CPU
		{92403E7E-0881-4175-ADD0-5493C7E37FE1}.Release|Any CPU.ActiveCfg = Release|Any CPU
		{92403E7E-0881-4175-ADD0-5493C7E37FE1}.Release|Any CPU.Build.0 = Release|Any CPU
		{92403E7E-0881-4175-ADD0-5493C7E37FE1}.Release|x64.ActiveCfg = Release|Any CPU
		{92403E7E-0881-4175-ADD0-5493C7E37FE1}.Release|x64.Build.0 = Release|Any CPU
		{92403E7E-0881-4175-ADD0-5493C7E37FE1}.Release|x86.ActiveCfg = Release|Any CPU
		{92403E7E-0881-4175-ADD0-5493C7E37FE1}.Release|x86.Build.0 = Release|Any CPU
		{02831823-B75F-4A0D-AC14-6604E46CBC50}.Debug|Any CPU.ActiveCfg = Debug|Any CPU
		{02831823-B75F-4A0D-AC14-6604E46CBC50}.Debug|Any CPU.Build.0 = Debug|Any CPU
		{02831823-B75F-4A0D-AC14-6604E46CBC50}.Debug|x64.ActiveCfg = Debug|Any CPU
		{02831823-B75F-4A0D-AC14-6604E46CBC50}.Debug|x64.Build.0 = Debug|Any CPU
		{02831823-B75F-4A0D-AC14-6604E46CBC50}.Debug|x86.ActiveCfg = Debug|Any CPU
		{02831823-B75F-4A0D-AC14-6604E46CBC50}.Debug|x86.Build.0 = Debug|Any CPU
		{02831823-B75F-4A0D-AC14-6604E46CBC50}.Release|Any CPU.ActiveCfg = Release|Any CPU
		{02831823-B75F-4A0D-AC14-6604E46CBC50}.Release|Any CPU.Build.0 = Release|Any CPU
		{02831823-B75F-4A0D-AC14-6604E46CBC50}.Release|x64.ActiveCfg = Release|Any CPU
		{02831823-B75F-4A0D-AC14-6604E46CBC50}.Release|x64.Build.0 = Release|Any CPU
		{02831823-B75F-4A0D-AC14-6604E46CBC50}.Release|x86.ActiveCfg = Release|Any CPU
		{02831823-B75F-4A0D-AC14-6604E46CBC50}.Release|x86.Build.0 = Release|Any CPU
		{1292B287-08D8-4425-A6C3-DA35F0E15939}.Debug|Any CPU.ActiveCfg = Debug|Any CPU
		{1292B287-08D8-4425-A6C3-DA35F0E15939}.Debug|Any CPU.Build.0 = Debug|Any CPU
		{1292B287-08D8-4425-A6C3-DA35F0E15939}.Debug|x64.ActiveCfg = Debug|Any CPU
		{1292B287-08D8-4425-A6C3-DA35F0E15939}.Debug|x64.Build.0 = Debug|Any CPU
		{1292B287-08D8-4425-A6C3-DA35F0E15939}.Debug|x86.ActiveCfg = Debug|Any CPU
		{1292B287-08D8-4425-A6C3-DA35F0E15939}.Debug|x86.Build.0 = Debug|Any CPU
		{1292B287-08D8-4425-A6C3-DA35F0E15939}.Release|Any CPU.ActiveCfg = Release|Any CPU
		{1292B287-08D8-4425-A6C3-DA35F0E15939}.Release|Any CPU.Build.0 = Release|Any CPU
		{1292B287-08D8-4425-A6C3-DA35F0E15939}.Release|x64.ActiveCfg = Release|Any CPU
		{1292B287-08D8-4425-A6C3-DA35F0E15939}.Release|x64.Build.0 = Release|Any CPU
		{1292B287-08D8-4425-A6C3-DA35F0E15939}.Release|x86.ActiveCfg = Release|Any CPU
		{1292B287-08D8-4425-A6C3-DA35F0E15939}.Release|x86.Build.0 = Release|Any CPU
		{4BE4025D-6E6C-47F4-94F8-6A866B708F10}.Debug|Any CPU.ActiveCfg = Debug|Any CPU
		{4BE4025D-6E6C-47F4-94F8-6A866B708F10}.Debug|Any CPU.Build.0 = Debug|Any CPU
		{4BE4025D-6E6C-47F4-94F8-6A866B708F10}.Debug|x64.ActiveCfg = Debug|Any CPU
		{4BE4025D-6E6C-47F4-94F8-6A866B708F10}.Debug|x64.Build.0 = Debug|Any CPU
		{4BE4025D-6E6C-47F4-94F8-6A866B708F10}.Debug|x86.ActiveCfg = Debug|Any CPU
		{4BE4025D-6E6C-47F4-94F8-6A866B708F10}.Debug|x86.Build.0 = Debug|Any CPU
		{4BE4025D-6E6C-47F4-94F8-6A866B708F10}.Release|Any CPU.ActiveCfg = Release|Any CPU
		{4BE4025D-6E6C-47F4-94F8-6A866B708F10}.Release|Any CPU.Build.0 = Release|Any CPU
		{4BE4025D-6E6C-47F4-94F8-6A866B708F10}.Release|x64.ActiveCfg = Release|Any CPU
		{4BE4025D-6E6C-47F4-94F8-6A866B708F10}.Release|x64.Build.0 = Release|Any CPU
		{4BE4025D-6E6C-47F4-94F8-6A866B708F10}.Release|x86.ActiveCfg = Release|Any CPU
		{4BE4025D-6E6C-47F4-94F8-6A866B708F10}.Release|x86.Build.0 = Release|Any CPU
		{1C6BC7BD-D593-4564-81FC-F8BAE571D025}.Debug|Any CPU.ActiveCfg = Debug|Any CPU
		{1C6BC7BD-D593-4564-81FC-F8BAE571D025}.Debug|Any CPU.Build.0 = Debug|Any CPU
		{1C6BC7BD-D593-4564-81FC-F8BAE571D025}.Debug|x64.ActiveCfg = Debug|Any CPU
		{1C6BC7BD-D593-4564-81FC-F8BAE571D025}.Debug|x64.Build.0 = Debug|Any CPU
		{1C6BC7BD-D593-4564-81FC-F8BAE571D025}.Debug|x86.ActiveCfg = Debug|Any CPU
		{1C6BC7BD-D593-4564-81FC-F8BAE571D025}.Debug|x86.Build.0 = Debug|Any CPU
		{1C6BC7BD-D593-4564-81FC-F8BAE571D025}.Release|Any CPU.ActiveCfg = Release|Any CPU
		{1C6BC7BD-D593-4564-81FC-F8BAE571D025}.Release|Any CPU.Build.0 = Release|Any CPU
		{1C6BC7BD-D593-4564-81FC-F8BAE571D025}.Release|x64.ActiveCfg = Release|Any CPU
		{1C6BC7BD-D593-4564-81FC-F8BAE571D025}.Release|x64.Build.0 = Release|Any CPU
		{1C6BC7BD-D593-4564-81FC-F8BAE571D025}.Release|x86.ActiveCfg = Release|Any CPU
		{1C6BC7BD-D593-4564-81FC-F8BAE571D025}.Release|x86.Build.0 = Release|Any CPU
		{4C75C644-EAAE-4D09-977D-282BF3F70559}.Debug|Any CPU.ActiveCfg = Debug|Any CPU
		{4C75C644-EAAE-4D09-977D-282BF3F70559}.Debug|Any CPU.Build.0 = Debug|Any CPU
		{4C75C644-EAAE-4D09-977D-282BF3F70559}.Debug|x64.ActiveCfg = Debug|Any CPU
		{4C75C644-EAAE-4D09-977D-282BF3F70559}.Debug|x64.Build.0 = Debug|Any CPU
		{4C75C644-EAAE-4D09-977D-282BF3F70559}.Debug|x86.ActiveCfg = Debug|Any CPU
		{4C75C644-EAAE-4D09-977D-282BF3F70559}.Debug|x86.Build.0 = Debug|Any CPU
		{4C75C644-EAAE-4D09-977D-282BF3F70559}.Release|Any CPU.ActiveCfg = Release|Any CPU
		{4C75C644-EAAE-4D09-977D-282BF3F70559}.Release|Any CPU.Build.0 = Release|Any CPU
		{4C75C644-EAAE-4D09-977D-282BF3F70559}.Release|x64.ActiveCfg = Release|Any CPU
		{4C75C644-EAAE-4D09-977D-282BF3F70559}.Release|x64.Build.0 = Release|Any CPU
		{4C75C644-EAAE-4D09-977D-282BF3F70559}.Release|x86.ActiveCfg = Release|Any CPU
		{4C75C644-EAAE-4D09-977D-282BF3F70559}.Release|x86.Build.0 = Release|Any CPU
	EndGlobalSection
	GlobalSection(NestedProjects) = preSolution
		{0450DC28-91C2-474A-BFA3-8DC37EE00909} = {DC618C20-915F-4260-86CF-82E212544064}
		{B0D25EE1-9143-46D6-BAD8-A2ABD0857238} = {DC618C20-915F-4260-86CF-82E212544064}
		{3848CA68-4822-4B81-89F1-9D97B15498E8} = {DC618C20-915F-4260-86CF-82E212544064}
		{39C4B2F7-4FED-499F-9614-5C77F50A4560} = {DC618C20-915F-4260-86CF-82E212544064}
		{EAEA1764-058D-4B5F-861B-3D9E910CC0D1} = {DC618C20-915F-4260-86CF-82E212544064}
		{2D48B4B4-1154-474F-B2D3-856880661594} = {FD75C91D-DB71-4A73-B55C-AB7E2D2021B1}
		{D4E603AF-28B1-4C6D-B8F8-0D432F6EF633} = {FD75C91D-DB71-4A73-B55C-AB7E2D2021B1}
		{2D6454D9-35C5-46C7-BB6B-B6AB9AB1D0F8} = {FD75C91D-DB71-4A73-B55C-AB7E2D2021B1}
		{B08DDA24-8203-42FE-83DD-E91B90BFC272} = {FD75C91D-DB71-4A73-B55C-AB7E2D2021B1}
		{93DCEA38-392A-4962-86BC-73A5261E0530} = {FD75C91D-DB71-4A73-B55C-AB7E2D2021B1}
		{F90AE1CB-839B-4ED9-9389-88AA6F7BC0BD} = {261A5474-9B2A-42D8-9768-FF404F571B15}
		{ACCF2E27-4F5C-44D3-9A38-C29F90E34539} = {261A5474-9B2A-42D8-9768-FF404F571B15}
		{A941CCDE-BA29-4D92-8170-0F9CF4FEE4B6} = {261A5474-9B2A-42D8-9768-FF404F571B15}
		{92403E7E-0881-4175-ADD0-5493C7E37FE1} = {3CCB2498-1D7F-4AB4-B46C-796B7197AFE2}
		{02831823-B75F-4A0D-AC14-6604E46CBC50} = {3CCB2498-1D7F-4AB4-B46C-796B7197AFE2}
		{1292B287-08D8-4425-A6C3-DA35F0E15939} = {3CCB2498-1D7F-4AB4-B46C-796B7197AFE2}
		{4BE4025D-6E6C-47F4-94F8-6A866B708F10} = {3CCB2498-1D7F-4AB4-B46C-796B7197AFE2}
		{1C6BC7BD-D593-4564-81FC-F8BAE571D025} = {3CCB2498-1D7F-4AB4-B46C-796B7197AFE2}
		{4C75C644-EAAE-4D09-977D-282BF3F70559} = {3CCB2498-1D7F-4AB4-B46C-796B7197AFE2}
	EndGlobalSection
EndGlobal
