{
	"name": "@platform8/core",
	"version": "0.0.1",
	"lockfileVersion": 2,
	"requires": true,
	"packages": {
		"": {
			"name": "@platform8/core",
			"version": "0.0.1",
			"devDependencies": {
				"@types/node": "^14.14.31"
			}
		},
		"node_modules/@types/node": {
			"version": "14.17.19",
			"resolved": "https://registry.npmjs.org/@types/node/-/node-14.17.19.tgz",
			"integrity": "sha512-jjYI6NkyfXykucU6ELEoT64QyKOdvaA6enOqKtP4xUsGY0X0ZUZz29fUmrTRo+7v7c6TgDu82q3GHHaCEkqZwA==",
			"dev": true
		}
	},
	"dependencies": {
		"@types/node": {
			"version": "14.17.19",
			"resolved": "https://registry.npmjs.org/@types/node/-/node-14.17.19.tgz",
			"integrity": "sha512-jjYI6NkyfXykucU6ELEoT64QyKOdvaA6enOqKtP4xUsGY0X0ZUZz29fUmrTRo+7v7c6TgDu82q3GHHaCEkqZwA==",
			"dev": true
		}
	}
}
