{
	"name": "@platform8/core",
	"version": "0.0.1",
	"lockfileVersion": 2,
	"requires": true,
	"packages": {
		"": {
			"name": "@platform8/core",
			"version": "0.0.1",
			"devDependencies": {
				"@types/node": "^13.13.38"
			}
		},
		"node_modules/@types/node": {
			"version": "13.13.50",
			"resolved": "https://registry.npmjs.org/@types/node/-/node-13.13.50.tgz",
			"integrity": "sha512-y7kkh+hX/0jZNxMyBR/6asG0QMSaPSzgeVK63dhWHl4QAXCQB8lExXmzLL6SzmOgKHydtawpMnNhlDbv7DXPEA==",
			"dev": true
		}
	},
	"dependencies": {
		"@types/node": {
			"version": "13.13.50",
			"resolved": "https://registry.npmjs.org/@types/node/-/node-13.13.50.tgz",
			"integrity": "sha512-y7kkh+hX/0jZNxMyBR/6asG0QMSaPSzgeVK63dhWHl4QAXCQB8lExXmzLL6SzmOgKHydtawpMnNhlDbv7DXPEA==",
			"dev": true
		}
	}
}
