
Microsoft Visual Studio Solution File, Format Version 12.00
# Visual Studio Version 16
VisualStudioVersion = 16.0.30114.105
MinimumVisualStudioVersion = 10.0.40219.1
Project("{FAE04EC0-301F-11D3-BF4B-00C04F79EFBC}") = "Budget.Api", "Api\Budget.Api.csproj", "{8534A3FD-0FF2-4D7A-AB84-35E7098222A3}"
EndProject
Project("{FAE04EC0-301F-11D3-BF4B-00C04F79EFBC}") = "Budget.Commands", "Commands\Budget.Commands.csproj", "{30D51849-76FB-41A8-A52A-E0E460F0D8EE}"
EndProject
Project("{FAE04EC0-301F-11D3-BF4B-00C04F79EFBC}") = "Budget.Data", "Data\Budget.Data.csproj", "{04C034E7-BA46-4394-8F38-331ED9973214}"
EndProject
Project("{FAE04EC0-301F-11D3-BF4B-00C04F79EFBC}") = "Budget.Models", "Models\Budget.Models.csproj", "{27BAD1E2-814D-4074-AE6F-ACF594D9356A}"
EndProject
Project("{FAE04EC0-301F-11D3-BF4B-00C04F79EFBC}") = "Budget.Functions", "Functions\Budget.Functions.csproj", "{2A4563EB-730E-411F-8E92-C837B9DC0667}"
EndProject
Project("{FAE04EC0-301F-11D3-BF4B-00C04F79EFBC}") = "Budget.Tests", "Tests\Budget.Tests.csproj", "{56C3B72C-8C34-403B-BAC5-49B97EFC67AE}"
EndProject
Global
	GlobalSection(SolutionConfigurationPlatforms) = preSolution
		Debug|Any CPU = Debug|Any CPU
		Debug|x64 = Debug|x64
		Debug|x86 = Debug|x86
		Release|Any CPU = Release|Any CPU
		Release|x64 = Release|x64
		Release|x86 = Release|x86
	EndGlobalSection
	GlobalSection(SolutionProperties) = preSolution
		HideSolutionNode = FALSE
	EndGlobalSection
	GlobalSection(ProjectConfigurationPlatforms) = postSolution
		{8534A3FD-0FF2-4D7A-AB84-35E7098222A3}.Debug|Any CPU.ActiveCfg = Debug|Any CPU
		{8534A3FD-0FF2-4D7A-AB84-35E7098222A3}.Debug|Any CPU.Build.0 = Debug|Any CPU
		{8534A3FD-0FF2-4D7A-AB84-35E7098222A3}.Debug|x64.ActiveCfg = Debug|Any CPU
		{8534A3FD-0FF2-4D7A-AB84-35E7098222A3}.Debug|x64.Build.0 = Debug|Any CPU
		{8534A3FD-0FF2-4D7A-AB84-35E7098222A3}.Debug|x86.ActiveCfg = Debug|Any CPU
		{8534A3FD-0FF2-4D7A-AB84-35E7098222A3}.Debug|x86.Build.0 = Debug|Any CPU
		{8534A3FD-0FF2-4D7A-AB84-35E7098222A3}.Release|Any CPU.ActiveCfg = Release|Any CPU
		{8534A3FD-0FF2-4D7A-AB84-35E7098222A3}.Release|Any CPU.Build.0 = Release|Any CPU
		{8534A3FD-0FF2-4D7A-AB84-35E7098222A3}.Release|x64.ActiveCfg = Release|Any CPU
		{8534A3FD-0FF2-4D7A-AB84-35E7098222A3}.Release|x64.Build.0 = Release|Any CPU
		{8534A3FD-0FF2-4D7A-AB84-35E7098222A3}.Release|x86.ActiveCfg = Release|Any CPU
		{8534A3FD-0FF2-4D7A-AB84-35E7098222A3}.Release|x86.Build.0 = Release|Any CPU
		{30D51849-76FB-41A8-A52A-E0E460F0D8EE}.Debug|Any CPU.ActiveCfg = Debug|Any CPU
		{30D51849-76FB-41A8-A52A-E0E460F0D8EE}.Debug|Any CPU.Build.0 = Debug|Any CPU
		{30D51849-76FB-41A8-A52A-E0E460F0D8EE}.Debug|x64.ActiveCfg = Debug|Any CPU
		{30D51849-76FB-41A8-A52A-E0E460F0D8EE}.Debug|x64.Build.0 = Debug|Any CPU
		{30D51849-76FB-41A8-A52A-E0E460F0D8EE}.Debug|x86.ActiveCfg = Debug|Any CPU
		{30D51849-76FB-41A8-A52A-E0E460F0D8EE}.Debug|x86.Build.0 = Debug|Any CPU
		{30D51849-76FB-41A8-A52A-E0E460F0D8EE}.Release|Any CPU.ActiveCfg = Release|Any CPU
		{30D51849-76FB-41A8-A52A-E0E460F0D8EE}.Release|Any CPU.Build.0 = Release|Any CPU
		{30D51849-76FB-41A8-A52A-E0E460F0D8EE}.Release|x64.ActiveCfg = Release|Any CPU
		{30D51849-76FB-41A8-A52A-E0E460F0D8EE}.Release|x64.Build.0 = Release|Any CPU
		{30D51849-76FB-41A8-A52A-E0E460F0D8EE}.Release|x86.ActiveCfg = Release|Any CPU
		{30D51849-76FB-41A8-A52A-E0E460F0D8EE}.Release|x86.Build.0 = Release|Any CPU
		{04C034E7-BA46-4394-8F38-331ED9973214}.Debug|Any CPU.ActiveCfg = Debug|Any CPU
		{04C034E7-BA46-4394-8F38-331ED9973214}.Debug|Any CPU.Build.0 = Debug|Any CPU
		{04C034E7-BA46-4394-8F38-331ED9973214}.Debug|x64.ActiveCfg = Debug|Any CPU
		{04C034E7-BA46-4394-8F38-331ED9973214}.Debug|x64.Build.0 = Debug|Any CPU
		{04C034E7-BA46-4394-8F38-331ED9973214}.Debug|x86.ActiveCfg = Debug|Any CPU
		{04C034E7-BA46-4394-8F38-331ED9973214}.Debug|x86.Build.0 = Debug|Any CPU
		{04C034E7-BA46-4394-8F38-331ED9973214}.Release|Any CPU.ActiveCfg = Release|Any CPU
		{04C034E7-BA46-4394-8F38-331ED9973214}.Release|Any CPU.Build.0 = Release|Any CPU
		{04C034E7-BA46-4394-8F38-331ED9973214}.Release|x64.ActiveCfg = Release|Any CPU
		{04C034E7-BA46-4394-8F38-331ED9973214}.Release|x64.Build.0 = Release|Any CPU
		{04C034E7-BA46-4394-8F38-331ED9973214}.Release|x86.ActiveCfg = Release|Any CPU
		{04C034E7-BA46-4394-8F38-331ED9973214}.Release|x86.Build.0 = Release|Any CPU
		{27BAD1E2-814D-4074-AE6F-ACF594D9356A}.Debug|Any CPU.ActiveCfg = Debug|Any CPU
		{27BAD1E2-814D-4074-AE6F-ACF594D9356A}.Debug|Any CPU.Build.0 = Debug|Any CPU
		{27BAD1E2-814D-4074-AE6F-ACF594D9356A}.Debug|x64.ActiveCfg = Debug|Any CPU
		{27BAD1E2-814D-4074-AE6F-ACF594D9356A}.Debug|x64.Build.0 = Debug|Any CPU
		{27BAD1E2-814D-4074-AE6F-ACF594D9356A}.Debug|x86.ActiveCfg = Debug|Any CPU
		{27BAD1E2-814D-4074-AE6F-ACF594D9356A}.Debug|x86.Build.0 = Debug|Any CPU
		{27BAD1E2-814D-4074-AE6F-ACF594D9356A}.Release|Any CPU.ActiveCfg = Release|Any CPU
		{27BAD1E2-814D-4074-AE6F-ACF594D9356A}.Release|Any CPU.Build.0 = Release|Any CPU
		{27BAD1E2-814D-4074-AE6F-ACF594D9356A}.Release|x64.ActiveCfg = Release|Any CPU
		{27BAD1E2-814D-4074-AE6F-ACF594D9356A}.Release|x64.Build.0 = Release|Any CPU
		{27BAD1E2-814D-4074-AE6F-ACF594D9356A}.Release|x86.ActiveCfg = Release|Any CPU
		{27BAD1E2-814D-4074-AE6F-ACF594D9356A}.Release|x86.Build.0 = Release|Any CPU
		{2A4563EB-730E-411F-8E92-C837B9DC0667}.Debug|Any CPU.ActiveCfg = Debug|Any CPU
		{2A4563EB-730E-411F-8E92-C837B9DC0667}.Debug|Any CPU.Build.0 = Debug|Any CPU
		{2A4563EB-730E-411F-8E92-C837B9DC0667}.Debug|x64.ActiveCfg = Debug|Any CPU
		{2A4563EB-730E-411F-8E92-C837B9DC0667}.Debug|x64.Build.0 = Debug|Any CPU
		{2A4563EB-730E-411F-8E92-C837B9DC0667}.Debug|x86.ActiveCfg = Debug|Any CPU
		{2A4563EB-730E-411F-8E92-C837B9DC0667}.Debug|x86.Build.0 = Debug|Any CPU
		{2A4563EB-730E-411F-8E92-C837B9DC0667}.Release|Any CPU.ActiveCfg = Release|Any CPU
		{2A4563EB-730E-411F-8E92-C837B9DC0667}.Release|Any CPU.Build.0 = Release|Any CPU
		{2A4563EB-730E-411F-8E92-C837B9DC0667}.Release|x64.ActiveCfg = Release|Any CPU
		{2A4563EB-730E-411F-8E92-C837B9DC0667}.Release|x64.Build.0 = Release|Any CPU
		{2A4563EB-730E-411F-8E92-C837B9DC0667}.Release|x86.ActiveCfg = Release|Any CPU
		{2A4563EB-730E-411F-8E92-C837B9DC0667}.Release|x86.Build.0 = Release|Any CPU
		{56C3B72C-8C34-403B-BAC5-49B97EFC67AE}.Debug|Any CPU.ActiveCfg = Debug|Any CPU
		{56C3B72C-8C34-403B-BAC5-49B97EFC67AE}.Debug|Any CPU.Build.0 = Debug|Any CPU
		{56C3B72C-8C34-403B-BAC5-49B97EFC67AE}.Debug|x64.ActiveCfg = Debug|Any CPU
		{56C3B72C-8C34-403B-BAC5-49B97EFC67AE}.Debug|x64.Build.0 = Debug|Any CPU
		{56C3B72C-8C34-403B-BAC5-49B97EFC67AE}.Debug|x86.ActiveCfg = Debug|Any CPU
		{56C3B72C-8C34-403B-BAC5-49B97EFC67AE}.Debug|x86.Build.0 = Debug|Any CPU
		{56C3B72C-8C34-403B-BAC5-49B97EFC67AE}.Release|Any CPU.ActiveCfg = Release|Any CPU
		{56C3B72C-8C34-403B-BAC5-49B97EFC67AE}.Release|Any CPU.Build.0 = Release|Any CPU
		{56C3B72C-8C34-403B-BAC5-49B97EFC67AE}.Release|x64.ActiveCfg = Release|Any CPU
		{56C3B72C-8C34-403B-BAC5-49B97EFC67AE}.Release|x64.Build.0 = Release|Any CPU
		{56C3B72C-8C34-403B-BAC5-49B97EFC67AE}.Release|x86.ActiveCfg = Release|Any CPU
		{56C3B72C-8C34-403B-BAC5-49B97EFC67AE}.Release|x86.Build.0 = Release|Any CPU
	EndGlobalSection
EndGlobal
