{
	"name": "@platform8/config",
	"version": "0.0.1",
	"lockfileVersion": 2,
	"requires": true,
	"packages": {
		"": {
			"name": "@platform8/config",
			"version": "0.0.1",
			"devDependencies": {
				"@types/node": "^14.14.31"
			}
		},
		"node_modules/@types/node": {
			"version": "14.17.27",
			"resolved": "https://registry.npmjs.org/@types/node/-/node-14.17.27.tgz",
			"integrity": "sha512-94+Ahf9IcaDuJTle/2b+wzvjmutxXAEXU6O81JHblYXUg2BDG+dnBy7VxIPHKAyEEDHzCMQydTJuWvrE+Aanzw==",
			"dev": true
		}
	},
	"dependencies": {
		"@types/node": {
			"version": "14.17.27",
			"resolved": "https://registry.npmjs.org/@types/node/-/node-14.17.27.tgz",
			"integrity": "sha512-94+Ahf9IcaDuJTle/2b+wzvjmutxXAEXU6O81JHblYXUg2BDG+dnBy7VxIPHKAyEEDHzCMQydTJuWvrE+Aanzw==",
			"dev": true
		}
	}
}
